
Microsoft Visual Studio Solution File, Format Version 12.00
# Visual Studio Version 17
VisualStudioVersion = 17.11.35222.181
MinimumVisualStudioVersion = 10.0.40219.1
Project("{FAE04EC0-301F-11D3-BF4B-00C04F79EFBC}") = "Web", "src\Web\Web.csproj", "{BC46132A-7E92-4711-AE4C-07645944FBFF}"
EndProject
Project("{FAE04EC0-301F-11D3-BF4B-00C04F79EFBC}") = "Domain", "src\Domain\Domain.csproj", "{C2547F4E-61D3-4BB7-A65F-2AC2A84DE34B}"
EndProject
Project("{FAE04EC0-301F-11D3-BF4B-00C04F79EFBC}") = "Infrastructure", "src\Infrastructure\Infrastructure.csproj", "{4728B2FF-0478-410F-9E2C-68DE33385836}"
EndProject
Project("{FAE04EC0-301F-11D3-BF4B-00C04F79EFBC}") = "Application", "src\Application\Application.csproj", "{69615B45-8D5A-4C19-A389-C32583610130}"
EndProject
Global
	GlobalSection(SolutionConfigurationPlatforms) = preSolution
		Debug|Any CPU = Debug|Any CPU
		Release|Any CPU = Release|Any CPU
	EndGlobalSection
	GlobalSection(ProjectConfigurationPlatforms) = postSolution
		{BC46132A-7E92-4711-AE4C-07645944FBFF}.Debug|Any CPU.ActiveCfg = Debug|Any CPU
		{BC46132A-7E92-4711-AE4C-07645944FBFF}.Debug|Any CPU.Build.0 = Debug|Any CPU
		{BC46132A-7E92-4711-AE4C-07645944FBFF}.Release|Any CPU.ActiveCfg = Release|Any CPU
		{BC46132A-7E92-4711-AE4C-07645944FBFF}.Release|Any CPU.Build.0 = Release|Any CPU
		{C2547F4E-61D3-4BB7-A65F-2AC2A84DE34B}.Debug|Any CPU.ActiveCfg = Debug|Any CPU
		{C2547F4E-61D3-4BB7-A65F-2AC2A84DE34B}.Debug|Any CPU.Build.0 = Debug|Any CPU
		{C2547F4E-61D3-4BB7-A65F-2AC2A84DE34B}.Release|Any CPU.ActiveCfg = Release|Any CPU
		{C2547F4E-61D3-4BB7-A65F-2AC2A84DE34B}.Release|Any CPU.Build.0 = Release|Any CPU
		{4728B2FF-0478-410F-9E2C-68DE33385836}.Debug|Any CPU.ActiveCfg = Debug|Any CPU
		{4728B2FF-0478-410F-9E2C-68DE33385836}.Debug|Any CPU.Build.0 = Debug|Any CPU
		{4728B2FF-0478-410F-9E2C-68DE33385836}.Release|Any CPU.ActiveCfg = Release|Any CPU
		{4728B2FF-0478-410F-9E2C-68DE33385836}.Release|Any CPU.Build.0 = Release|Any CPU
		{69615B45-8D5A-4C19-A389-C32583610130}.Debug|Any CPU.ActiveCfg = Debug|Any CPU
		{69615B45-8D5A-4C19-A389-C32583610130}.Debug|Any CPU.Build.0 = Debug|Any CPU
		{69615B45-8D5A-4C19-A389-C32583610130}.Release|Any CPU.ActiveCfg = Release|Any CPU
		{69615B45-8D5A-4C19-A389-C32583610130}.Release|Any CPU.Build.0 = Release|Any CPU
	EndGlobalSection
	GlobalSection(SolutionProperties) = preSolution
		HideSolutionNode = FALSE
	EndGlobalSection
	GlobalSection(ExtensibilityGlobals) = postSolution
		SolutionGuid = {8DDAAC51-CDDA-4BD5-82A3-DC7967DDA266}
	EndGlobalSection
EndGlobal
